Microsoft Visual Studio Solution File, Format Version 8.00
Project("{8BC9CEB8-8B4A-11D0-8D11-00A0C91BC942}") = "ACDUtils", "acdutils\ACDUtils.vcproj", "{C3B9CD00-A1A1-4C63-81FD-74FBCB249FE3}"
	ProjectSection(ProjectDependencies) = postProject
	EndProjectSection
EndProject
Project("{8BC9CEB8-8B4A-11D0-8D11-00A0C91BC942}") = "ACDFilter", "acdfilter\ACDFilter.vcproj", "{7957BBA0-3555-43A5-8D20-E148B34FC034}"
	ProjectSection(ProjectDependencies) = postProject
	EndProjectSection
EndProject
Project("{54435603-DBB4-11D2-8724-00A0C9A8B90C}") = "ACDSetup", "acdsetup\ACDSetup.vdproj", "{34F8F39B-1BB9-4394-BBCF-C13C52229A14}"
	ProjectSection(ProjectDependencies) = postProject
	EndProjectSection
EndProject
Project("{8BC9CEB8-8B4A-11D0-8D11-00A0C91BC942}") = "ACDExt", "acdext\ACDExt.vcproj", "{322E1E49-457D-492A-BBB3-04B29BAA6843}"
	ProjectSection(ProjectDependencies) = postProject
		{C3B9CD00-A1A1-4C63-81FD-74FBCB249FE3} = {C3B9CD00-A1A1-4C63-81FD-74FBCB249FE3}
	EndProjectSection
EndProject
Project("{8BC9CEB8-8B4A-11D0-8D11-00A0C91BC942}") = "ACDMon", "acdmon\ACDMon.vcproj", "{FF7DB4C4-2B98-4AD2-A580-B38E4C77967E}"
	ProjectSection(ProjectDependencies) = postProject
		{C3B9CD00-A1A1-4C63-81FD-74FBCB249FE3} = {C3B9CD00-A1A1-4C63-81FD-74FBCB249FE3}
	EndProjectSection
EndProject
Project("{8BC9CEB8-8B4A-11D0-8D11-00A0C91BC942}") = "ACDMgr", "acdutils\ACDMgr.vcproj", "{53FBDEBB-61B5-4545-B4FA-B97F96DD0A48}"
	ProjectSection(ProjectDependencies) = postProject
		{C3B9CD00-A1A1-4C63-81FD-74FBCB249FE3} = {C3B9CD00-A1A1-4C63-81FD-74FBCB249FE3}
	EndProjectSection
EndProject
Project("{8BC9CEB8-8B4A-11D0-8D11-00A0C91BC942}") = "ACDPower", "acdutils\ACDPower.vcproj", "{4BD5C7A5-CAA8-43DC-A606-30571BEC478A}"
	ProjectSection(ProjectDependencies) = postProject
		{C3B9CD00-A1A1-4C63-81FD-74FBCB249FE3} = {C3B9CD00-A1A1-4C63-81FD-74FBCB249FE3}
	EndProjectSection
EndProject
Global
	GlobalSection(SolutionConfiguration) = preSolution
		Debug = Debug
		Release = Release
		Description = Apple Cinema Display on Windows
	EndGlobalSection
	GlobalSection(ProjectConfiguration) = postSolution
		{C3B9CD00-A1A1-4C63-81FD-74FBCB249FE3}.Debug.ActiveCfg = Debug|Win32
		{C3B9CD00-A1A1-4C63-81FD-74FBCB249FE3}.Debug.Build.0 = Debug|Win32
		{C3B9CD00-A1A1-4C63-81FD-74FBCB249FE3}.Release.ActiveCfg = Release|Win32
		{C3B9CD00-A1A1-4C63-81FD-74FBCB249FE3}.Release.Build.0 = Release|Win32
		{7957BBA0-3555-43A5-8D20-E148B34FC034}.Debug.ActiveCfg = Debug|Win32
		{7957BBA0-3555-43A5-8D20-E148B34FC034}.Debug.Build.0 = Debug|Win32
		{7957BBA0-3555-43A5-8D20-E148B34FC034}.Release.ActiveCfg = Release|Win32
		{7957BBA0-3555-43A5-8D20-E148B34FC034}.Release.Build.0 = Release|Win32
		{34F8F39B-1BB9-4394-BBCF-C13C52229A14}.Debug.ActiveCfg = Debug
		{34F8F39B-1BB9-4394-BBCF-C13C52229A14}.Release.ActiveCfg = Release
		{322E1E49-457D-492A-BBB3-04B29BAA6843}.Debug.ActiveCfg = Debug|Win32
		{322E1E49-457D-492A-BBB3-04B29BAA6843}.Debug.Build.0 = Debug|Win32
		{322E1E49-457D-492A-BBB3-04B29BAA6843}.Release.ActiveCfg = Release|Win32
		{322E1E49-457D-492A-BBB3-04B29BAA6843}.Release.Build.0 = Release|Win32
		{FF7DB4C4-2B98-4AD2-A580-B38E4C77967E}.Debug.ActiveCfg = Debug|Win32
		{FF7DB4C4-2B98-4AD2-A580-B38E4C77967E}.Debug.Build.0 = Debug|Win32
		{FF7DB4C4-2B98-4AD2-A580-B38E4C77967E}.Release.ActiveCfg = Release|Win32
		{FF7DB4C4-2B98-4AD2-A580-B38E4C77967E}.Release.Build.0 = Release|Win32
		{53FBDEBB-61B5-4545-B4FA-B97F96DD0A48}.Debug.ActiveCfg = Debug|Win32
		{53FBDEBB-61B5-4545-B4FA-B97F96DD0A48}.Debug.Build.0 = Debug|Win32
		{53FBDEBB-61B5-4545-B4FA-B97F96DD0A48}.Release.ActiveCfg = Release|Win32
		{53FBDEBB-61B5-4545-B4FA-B97F96DD0A48}.Release.Build.0 = Release|Win32
		{4BD5C7A5-CAA8-43DC-A606-30571BEC478A}.Debug.ActiveCfg = Debug|Win32
		{4BD5C7A5-CAA8-43DC-A606-30571BEC478A}.Debug.Build.0 = Debug|Win32
		{4BD5C7A5-CAA8-43DC-A606-30571BEC478A}.Release.ActiveCfg = Release|Win32
		{4BD5C7A5-CAA8-43DC-A606-30571BEC478A}.Release.Build.0 = Release|Win32
	EndGlobalSection
	GlobalSection(ExtensibilityGlobals) = postSolution
	EndGlobalSection
	GlobalSection(ExtensibilityAddIns) = postSolution
	EndGlobalSection
EndGlobal
