
Microsoft Visual Studio Solution File, Format Version 12.00
# Visual Studio Version 16
VisualStudioVersion = 16.0.28803.156
MinimumVisualStudioVersion = 10.0.40219.1
Project("{8BC9CEB8-8B4A-11D0-8D11-00A0C91BC942}") = "ACDUtils", "..\acdutils\ACDUtils.vcxproj", "{C3B9CD00-A1A1-4C63-81FD-74FBCB249FE3}"
EndProject
Project("{8BC9CEB8-8B4A-11D0-8D11-00A0C91BC942}") = "ACDFilter", "..\acdfilter\ACDFilter.vcxproj", "{F02C091E-E9C6-4246-B3B4-414372127F4D}"
EndProject
Project("{8BC9CEB8-8B4A-11D0-8D11-00A0C91BC942}") = "ACDExt", "..\acdext\ACDExt.vcxproj", "{AFDD8F21-A56E-4DBE-AB67-4EA5A6B4A3BF}"
	ProjectSection(ProjectDependencies) = postProject
		{C3B9CD00-A1A1-4C63-81FD-74FBCB249FE3} = {C3B9CD00-A1A1-4C63-81FD-74FBCB249FE3}
	EndProjectSection
EndProject
Project("{8BC9CEB8-8B4A-11D0-8D11-00A0C91BC942}") = "ACDMon", "..\acdmon\ACDMon.vcxproj", "{767354F0-67F8-47E0-8CE0-8DDA6DF0154C}"
	ProjectSection(ProjectDependencies) = postProject
		{C3B9CD00-A1A1-4C63-81FD-74FBCB249FE3} = {C3B9CD00-A1A1-4C63-81FD-74FBCB249FE3}
	EndProjectSection
EndProject
Project("{8BC9CEB8-8B4A-11D0-8D11-00A0C91BC942}") = "ACDMgr", "..\acdmgr\ACDMgr.vcxproj", "{9E51FFF8-BD69-47CF-869B-084A48849029}"
EndProject
Project("{8BC9CEB8-8B4A-11D0-8D11-00A0C91BC942}") = "ACDPower", "..\acdpower\ACDPower.vcxproj", "{4BD5C7A5-CAA8-43DC-A606-30571BEC478A}"
EndProject
Global
	GlobalSection(SolutionConfigurationPlatforms) = preSolution
		Debug|ARM = Debug|ARM
		Debug|ARM64 = Debug|ARM64
		Debug|x64 = Debug|x64
		Debug|x86 = Debug|x86
		Release|ARM = Release|ARM
		Release|ARM64 = Release|ARM64
		Release|x64 = Release|x64
		Release|x86 = Release|x86
		Description = Apple Cinema Display on Windows
	EndGlobalSection
	GlobalSection(ProjectConfigurationPlatforms) = postSolution
		{C3B9CD00-A1A1-4C63-81FD-74FBCB249FE3}.Debug|ARM.ActiveCfg = Debug|Win32
		{C3B9CD00-A1A1-4C63-81FD-74FBCB249FE3}.Debug|ARM64.ActiveCfg = Debug|Win32
		{C3B9CD00-A1A1-4C63-81FD-74FBCB249FE3}.Debug|x64.ActiveCfg = Debug|x64
		{C3B9CD00-A1A1-4C63-81FD-74FBCB249FE3}.Debug|x64.Build.0 = Debug|x64
		{C3B9CD00-A1A1-4C63-81FD-74FBCB249FE3}.Debug|x86.ActiveCfg = Debug|Win32
		{C3B9CD00-A1A1-4C63-81FD-74FBCB249FE3}.Debug|x86.Build.0 = Debug|Win32
		{C3B9CD00-A1A1-4C63-81FD-74FBCB249FE3}.Release|ARM.ActiveCfg = Release|Win32
		{C3B9CD00-A1A1-4C63-81FD-74FBCB249FE3}.Release|ARM64.ActiveCfg = Release|Win32
		{C3B9CD00-A1A1-4C63-81FD-74FBCB249FE3}.Release|x64.ActiveCfg = Release|x64
		{C3B9CD00-A1A1-4C63-81FD-74FBCB249FE3}.Release|x64.Build.0 = Release|x64
		{C3B9CD00-A1A1-4C63-81FD-74FBCB249FE3}.Release|x86.ActiveCfg = Release|Win32
		{C3B9CD00-A1A1-4C63-81FD-74FBCB249FE3}.Release|x86.Build.0 = Release|Win32
		{F02C091E-E9C6-4246-B3B4-414372127F4D}.Debug|ARM.ActiveCfg = Debug|Win32
		{F02C091E-E9C6-4246-B3B4-414372127F4D}.Debug|ARM64.ActiveCfg = Debug|Win32
		{F02C091E-E9C6-4246-B3B4-414372127F4D}.Debug|x64.ActiveCfg = Debug|x64
		{F02C091E-E9C6-4246-B3B4-414372127F4D}.Debug|x64.Build.0 = Debug|x64
		{F02C091E-E9C6-4246-B3B4-414372127F4D}.Debug|x86.ActiveCfg = Debug|Win32
		{F02C091E-E9C6-4246-B3B4-414372127F4D}.Debug|x86.Build.0 = Debug|Win32
		{F02C091E-E9C6-4246-B3B4-414372127F4D}.Release|ARM.ActiveCfg = Release|Win32
		{F02C091E-E9C6-4246-B3B4-414372127F4D}.Release|ARM64.ActiveCfg = Release|Win32
		{F02C091E-E9C6-4246-B3B4-414372127F4D}.Release|x64.ActiveCfg = Release|x64
		{F02C091E-E9C6-4246-B3B4-414372127F4D}.Release|x64.Build.0 = Release|x64
		{F02C091E-E9C6-4246-B3B4-414372127F4D}.Release|x86.ActiveCfg = Release|Win32
		{F02C091E-E9C6-4246-B3B4-414372127F4D}.Release|x86.Build.0 = Release|Win32
		{AFDD8F21-A56E-4DBE-AB67-4EA5A6B4A3BF}.Debug|ARM.ActiveCfg = Debug|Win32
		{AFDD8F21-A56E-4DBE-AB67-4EA5A6B4A3BF}.Debug|ARM64.ActiveCfg = Debug|Win32
		{AFDD8F21-A56E-4DBE-AB67-4EA5A6B4A3BF}.Debug|x64.ActiveCfg = Debug|x64
		{AFDD8F21-A56E-4DBE-AB67-4EA5A6B4A3BF}.Debug|x64.Build.0 = Debug|x64
		{AFDD8F21-A56E-4DBE-AB67-4EA5A6B4A3BF}.Debug|x86.ActiveCfg = Debug|Win32
		{AFDD8F21-A56E-4DBE-AB67-4EA5A6B4A3BF}.Debug|x86.Build.0 = Debug|Win32
		{AFDD8F21-A56E-4DBE-AB67-4EA5A6B4A3BF}.Release|ARM.ActiveCfg = Release|Win32
		{AFDD8F21-A56E-4DBE-AB67-4EA5A6B4A3BF}.Release|ARM64.ActiveCfg = Release|Win32
		{AFDD8F21-A56E-4DBE-AB67-4EA5A6B4A3BF}.Release|x64.ActiveCfg = Release|x64
		{AFDD8F21-A56E-4DBE-AB67-4EA5A6B4A3BF}.Release|x64.Build.0 = Release|x64
		{AFDD8F21-A56E-4DBE-AB67-4EA5A6B4A3BF}.Release|x86.ActiveCfg = Release|Win32
		{AFDD8F21-A56E-4DBE-AB67-4EA5A6B4A3BF}.Release|x86.Build.0 = Release|Win32
		{767354F0-67F8-47E0-8CE0-8DDA6DF0154C}.Debug|ARM.ActiveCfg = Debug|Win32
		{767354F0-67F8-47E0-8CE0-8DDA6DF0154C}.Debug|ARM64.ActiveCfg = Debug|Win32
		{767354F0-67F8-47E0-8CE0-8DDA6DF0154C}.Debug|x64.ActiveCfg = Debug|x64
		{767354F0-67F8-47E0-8CE0-8DDA6DF0154C}.Debug|x64.Build.0 = Debug|x64
		{767354F0-67F8-47E0-8CE0-8DDA6DF0154C}.Debug|x86.ActiveCfg = Debug|Win32
		{767354F0-67F8-47E0-8CE0-8DDA6DF0154C}.Debug|x86.Build.0 = Debug|Win32
		{767354F0-67F8-47E0-8CE0-8DDA6DF0154C}.Release|ARM.ActiveCfg = Release|Win32
		{767354F0-67F8-47E0-8CE0-8DDA6DF0154C}.Release|ARM64.ActiveCfg = Release|Win32
		{767354F0-67F8-47E0-8CE0-8DDA6DF0154C}.Release|x64.ActiveCfg = Release|x64
		{767354F0-67F8-47E0-8CE0-8DDA6DF0154C}.Release|x64.Build.0 = Release|x64
		{767354F0-67F8-47E0-8CE0-8DDA6DF0154C}.Release|x86.ActiveCfg = Release|Win32
		{767354F0-67F8-47E0-8CE0-8DDA6DF0154C}.Release|x86.Build.0 = Release|Win32
		{4BD5C7A5-CAA8-43DC-A606-30571BEC478A}.Debug|ARM.ActiveCfg = Debug|Win32
		{4BD5C7A5-CAA8-43DC-A606-30571BEC478A}.Debug|ARM64.ActiveCfg = Debug|Win32
		{4BD5C7A5-CAA8-43DC-A606-30571BEC478A}.Debug|x64.ActiveCfg = Debug|x64
		{4BD5C7A5-CAA8-43DC-A606-30571BEC478A}.Debug|x64.Build.0 = Debug|x64
		{4BD5C7A5-CAA8-43DC-A606-30571BEC478A}.Debug|x86.ActiveCfg = Debug|Win32
		{4BD5C7A5-CAA8-43DC-A606-30571BEC478A}.Debug|x86.Build.0 = Debug|Win32
		{4BD5C7A5-CAA8-43DC-A606-30571BEC478A}.Release|ARM.ActiveCfg = Release|Win32
		{4BD5C7A5-CAA8-43DC-A606-30571BEC478A}.Release|ARM64.ActiveCfg = Release|Win32
		{4BD5C7A5-CAA8-43DC-A606-30571BEC478A}.Release|x64.ActiveCfg = Release|x64
		{4BD5C7A5-CAA8-43DC-A606-30571BEC478A}.Release|x64.Build.0 = Release|x64
		{4BD5C7A5-CAA8-43DC-A606-30571BEC478A}.Release|x86.ActiveCfg = Release|Win32
		{4BD5C7A5-CAA8-43DC-A606-30571BEC478A}.Release|x86.Build.0 = Release|Win32
		{9E51FFF8-BD69-47CF-869B-084A48849029}.Debug|ARM.ActiveCfg = Debug|Win32
		{9E51FFF8-BD69-47CF-869B-084A48849029}.Debug|ARM64.ActiveCfg = Debug|Win32
		{9E51FFF8-BD69-47CF-869B-084A48849029}.Debug|x64.ActiveCfg = Debug|x64
		{9E51FFF8-BD69-47CF-869B-084A48849029}.Debug|x64.Build.0 = Debug|x64
		{9E51FFF8-BD69-47CF-869B-084A48849029}.Debug|x86.ActiveCfg = Debug|Win32
		{9E51FFF8-BD69-47CF-869B-084A48849029}.Debug|x86.Build.0 = Debug|Win32
		{9E51FFF8-BD69-47CF-869B-084A48849029}.Release|ARM.ActiveCfg = Release|Win32
		{9E51FFF8-BD69-47CF-869B-084A48849029}.Release|ARM64.ActiveCfg = Release|Win32
		{9E51FFF8-BD69-47CF-869B-084A48849029}.Release|x64.ActiveCfg = Release|x64
		{9E51FFF8-BD69-47CF-869B-084A48849029}.Release|x64.Build.0 = Release|x64
		{9E51FFF8-BD69-47CF-869B-084A48849029}.Release|x86.ActiveCfg = Release|Win32
		{9E51FFF8-BD69-47CF-869B-084A48849029}.Release|x86.Build.0 = Release|Win32
	EndGlobalSection
	GlobalSection(SolutionProperties) = preSolution
		HideSolutionNode = FALSE
	EndGlobalSection
	GlobalSection(ExtensibilityGlobals) = postSolution
		SolutionGuid = {093C1C44-CE4D-4C9A-8C8B-17849F494AD1}
	EndGlobalSection
EndGlobal
